{
  "version": 4,
  "terraform_version": "0.12.24",
  "serial": 6,
  "lineage": "3448b082-d18d-30d8-93f2-94a4ec46893d",
  "outputs": {},
  "resources": [
    {
      "module": "module.bigquery",
      "mode": "managed",
      "type": "google_bigquery_dataset",
      "name": "main",
      "provider": "provider.google",
      "instances": [
        {
          "schema_version": 0,
          "attributes": {
            "access": [
              {
                "domain": "",
                "group_by_email": "",
                "role": "OWNER",
                "special_group": "projectOwners",
                "user_by_email": "",
                "view": []
              }
            ],
            "creation_time": 1588676513082,
            "dataset_id": "dpc_covid19_italy",
            "default_encryption_configuration": [],
            "default_partition_expiration_ms": 0,
            "default_table_expiration_ms": 3600000,
            "delete_contents_on_destroy": false,
            "description": "Dipartimento Protezione Civile COVID19 dataset",
            "etag": "cd2ONS0drrcR7aqFkzs11Q==",
            "friendly_name": "DPC COVID19 Italy",
            "id": "projects/sny-goo-bid-01-01-00/datasets/dpc_covid19_italy",
            "labels": {
              "billable": "true",
              "env": "dev"
            },
            "last_modified_time": 1588687185221,
            "location": "EU",
            "project": "sny-goo-bid-01-01-00",
            "self_link": "https://www.googleapis.com/bigquery/v2/projects/sny-goo-bid-01-01-00/datasets/dpc_covid19_italy",
            "timeouts": null
          },
          "private": "eyJlMmJmYjczMC1lY2FhLTExZTYtOGY4OC0zNDM2M2JjN2M0YzAiOnsiY3JlYXRlIjoyNDAwMDAwMDAwMDAsImRlbGV0ZSI6MjQwMDAwMDAwMDAwLCJ1cGRhdGUiOjI0MDAwMDAwMDAwMH19"
        }
      ]
    },
    {
      "module": "module.bigquery",
      "mode": "managed",
      "type": "google_bigquery_table",
      "name": "main",
      "each": "map",
      "provider": "provider.google",
      "instances": []
    },
    {
      "mode": "managed",
      "type": "random_id",
      "name": "instance_id",
      "provider": "provider.random",
      "instances": [
        {
          "schema_version": 0,
          "attributes": {
            "b64": "pJgimxt99p8",
            "b64_std": "pJgimxt99p8=",
            "b64_url": "pJgimxt99p8",
            "byte_length": 8,
            "dec": "11860267668256716447",
            "hex": "a498229b1b7df69f",
            "id": "pJgimxt99p8",
            "keepers": null,
            "prefix": null
          },
          "private": "bnVsbA=="
        }
      ]
    }
  ]
}
